
Microsoft Visual Studio Solution File, Format Version 12.00
# Visual Studio 15
VisualStudioVersion = 15.0.27703.2018
MinimumVisualStudioVersion = 10.0.40219.1
Project("{FAE04EC0-301F-11D3-BF4B-00C04F79EFBC}") = "BottomBarDemoApp02.Android", "BottomBarDemoApp02\BottomBarDemoApp02.Android\BottomBarDemoApp02.Android.csproj", "{EA429B4C-958E-49D1-BEE1-0A12854BFD20}"
EndProject
Project("{FAE04EC0-301F-11D3-BF4B-00C04F79EFBC}") = "BottomBarDemoApp02.iOS", "BottomBarDemoApp02\BottomBarDemoApp02.iOS\BottomBarDemoApp02.iOS.csproj", "{5872403E-36F6-4990-8446-7ADBC70BC68B}"
EndProject
Project("{FAE04EC0-301F-11D3-BF4B-00C04F79EFBC}") = "BottomBarDemoApp02", "BottomBarDemoApp02\BottomBarDemoApp02\BottomBarDemoApp02.csproj", "{3337B93B-CCE6-4DB5-85C4-C3BE998AF2AB}"
EndProject
Global
	GlobalSection(SolutionConfigurationPlatforms) = preSolution
		Ad-Hoc|Any CPU = Ad-Hoc|Any CPU
		Ad-Hoc|iPhone = Ad-Hoc|iPhone
		Ad-Hoc|iPhoneSimulator = Ad-Hoc|iPhoneSimulator
		AppStore|Any CPU = AppStore|Any CPU
		AppStore|iPhone = AppStore|iPhone
		AppStore|iPhoneSimulator = AppStore|iPhoneSimulator
		Debug|Any CPU = Debug|Any CPU
		Debug|iPhone = Debug|iPhone
		Debug|iPhoneSimulator = Debug|iPhoneSimulator
		Release|Any CPU = Release|Any CPU
		Release|iPhone = Release|iPhone
		Release|iPhoneSimulator = Release|iPhoneSimulator
	EndGlobalSection
	GlobalSection(ProjectConfigurationPlatforms) = postSolution
		{EA429B4C-958E-49D1-BEE1-0A12854BFD20}.Ad-Hoc|Any CPU.ActiveCfg = Release|Any CPU
		{EA429B4C-958E-49D1-BEE1-0A12854BFD20}.Ad-Hoc|Any CPU.Build.0 = Release|Any CPU
		{EA429B4C-958E-49D1-BEE1-0A12854BFD20}.Ad-Hoc|Any CPU.Deploy.0 = Release|Any CPU
		{EA429B4C-958E-49D1-BEE1-0A12854BFD20}.Ad-Hoc|iPhone.ActiveCfg = Release|Any CPU
		{EA429B4C-958E-49D1-BEE1-0A12854BFD20}.Ad-Hoc|iPhone.Build.0 = Release|Any CPU
		{EA429B4C-958E-49D1-BEE1-0A12854BFD20}.Ad-Hoc|iPhone.Deploy.0 = Release|Any CPU
		{EA429B4C-958E-49D1-BEE1-0A12854BFD20}.Ad-Hoc|iPhoneSimulator.ActiveCfg = Release|Any CPU
		{EA429B4C-958E-49D1-BEE1-0A12854BFD20}.Ad-Hoc|iPhoneSimulator.Build.0 = Release|Any CPU
		{EA429B4C-958E-49D1-BEE1-0A12854BFD20}.Ad-Hoc|iPhoneSimulator.Deploy.0 = Release|Any CPU
		{EA429B4C-958E-49D1-BEE1-0A12854BFD20}.AppStore|Any CPU.ActiveCfg = Release|Any CPU
		{EA429B4C-958E-49D1-BEE1-0A12854BFD20}.AppStore|Any CPU.Build.0 = Release|Any CPU
		{EA429B4C-958E-49D1-BEE1-0A12854BFD20}.AppStore|Any CPU.Deploy.0 = Release|Any CPU
		{EA429B4C-958E-49D1-BEE1-0A12854BFD20}.AppStore|iPhone.ActiveCfg = Release|Any CPU
		{EA429B4C-958E-49D1-BEE1-0A12854BFD20}.AppStore|iPhone.Build.0 = Release|Any CPU
		{EA429B4C-958E-49D1-BEE1-0A12854BFD20}.AppStore|iPhone.Deploy.0 = Release|Any CPU
		{EA429B4C-958E-49D1-BEE1-0A12854BFD20}.AppStore|iPhoneSimulator.ActiveCfg = Release|Any CPU
		{EA429B4C-958E-49D1-BEE1-0A12854BFD20}.AppStore|iPhoneSimulator.Build.0 = Release|Any CPU
		{EA429B4C-958E-49D1-BEE1-0A12854BFD20}.AppStore|iPhoneSimulator.Deploy.0 = Release|Any CPU
		{EA429B4C-958E-49D1-BEE1-0A12854BFD20}.Debug|Any CPU.ActiveCfg = Debug|Any CPU
		{EA429B4C-958E-49D1-BEE1-0A12854BFD20}.Debug|Any CPU.Build.0 = Debug|Any CPU
		{EA429B4C-958E-49D1-BEE1-0A12854BFD20}.Debug|Any CPU.Deploy.0 = Debug|Any CPU
		{EA429B4C-958E-49D1-BEE1-0A12854BFD20}.Debug|iPhone.ActiveCfg = Debug|Any CPU
		{EA429B4C-958E-49D1-BEE1-0A12854BFD20}.Debug|iPhone.Build.0 = Debug|Any CPU
		{EA429B4C-958E-49D1-BEE1-0A12854BFD20}.Debug|iPhone.Deploy.0 = Debug|Any CPU
		{EA429B4C-958E-49D1-BEE1-0A12854BFD20}.Debug|iPhoneSimulator.ActiveCfg = Debug|Any CPU
		{EA429B4C-958E-49D1-BEE1-0A12854BFD20}.Debug|iPhoneSimulator.Build.0 = Debug|Any CPU
		{EA429B4C-958E-49D1-BEE1-0A12854BFD20}.Debug|iPhoneSimulator.Deploy.0 = Debug|Any CPU
		{EA429B4C-958E-49D1-BEE1-0A12854BFD20}.Release|Any CPU.ActiveCfg = Release|Any CPU
		{EA429B4C-958E-49D1-BEE1-0A12854BFD20}.Release|Any CPU.Build.0 = Release|Any CPU
		{EA429B4C-958E-49D1-BEE1-0A12854BFD20}.Release|Any CPU.Deploy.0 = Release|Any CPU
		{EA429B4C-958E-49D1-BEE1-0A12854BFD20}.Release|iPhone.ActiveCfg = Release|Any CPU
		{EA429B4C-958E-49D1-BEE1-0A12854BFD20}.Release|iPhone.Build.0 = Release|Any CPU
		{EA429B4C-958E-49D1-BEE1-0A12854BFD20}.Release|iPhone.Deploy.0 = Release|Any CPU
		{EA429B4C-958E-49D1-BEE1-0A12854BFD20}.Release|iPhoneSimulator.ActiveCfg = Release|Any CPU
		{EA429B4C-958E-49D1-BEE1-0A12854BFD20}.Release|iPhoneSimulator.Build.0 = Release|Any CPU
		{EA429B4C-958E-49D1-BEE1-0A12854BFD20}.Release|iPhoneSimulator.Deploy.0 = Release|Any CPU
		{5872403E-36F6-4990-8446-7ADBC70BC68B}.Ad-Hoc|Any CPU.ActiveCfg = Ad-Hoc|iPhone
		{5872403E-36F6-4990-8446-7ADBC70BC68B}.Ad-Hoc|Any CPU.Build.0 = Ad-Hoc|iPhone
		{5872403E-36F6-4990-8446-7ADBC70BC68B}.Ad-Hoc|Any CPU.Deploy.0 = Ad-Hoc|iPhone
		{5872403E-36F6-4990-8446-7ADBC70BC68B}.Ad-Hoc|iPhone.ActiveCfg = Ad-Hoc|iPhone
		{5872403E-36F6-4990-8446-7ADBC70BC68B}.Ad-Hoc|iPhone.Build.0 = Ad-Hoc|iPhone
		{5872403E-36F6-4990-8446-7ADBC70BC68B}.Ad-Hoc|iPhone.Deploy.0 = Ad-Hoc|iPhone
		{5872403E-36F6-4990-8446-7ADBC70BC68B}.Ad-Hoc|iPhoneSimulator.ActiveCfg = Ad-Hoc|iPhoneSimulator
		{5872403E-36F6-4990-8446-7ADBC70BC68B}.Ad-Hoc|iPhoneSimulator.Build.0 = Ad-Hoc|iPhoneSimulator
		{5872403E-36F6-4990-8446-7ADBC70BC68B}.Ad-Hoc|iPhoneSimulator.Deploy.0 = Ad-Hoc|iPhoneSimulator
		{5872403E-36F6-4990-8446-7ADBC70BC68B}.AppStore|Any CPU.ActiveCfg = AppStore|iPhone
		{5872403E-36F6-4990-8446-7ADBC70BC68B}.AppStore|Any CPU.Build.0 = AppStore|iPhone
		{5872403E-36F6-4990-8446-7ADBC70BC68B}.AppStore|Any CPU.Deploy.0 = AppStore|iPhone
		{5872403E-36F6-4990-8446-7ADBC70BC68B}.AppStore|iPhone.ActiveCfg = AppStore|iPhone
		{5872403E-36F6-4990-8446-7ADBC70BC68B}.AppStore|iPhone.Build.0 = AppStore|iPhone
		{5872403E-36F6-4990-8446-7ADBC70BC68B}.AppStore|iPhone.Deploy.0 = AppStore|iPhone
		{5872403E-36F6-4990-8446-7ADBC70BC68B}.AppStore|iPhoneSimulator.ActiveCfg = AppStore|iPhoneSimulator
		{5872403E-36F6-4990-8446-7ADBC70BC68B}.AppStore|iPhoneSimulator.Build.0 = AppStore|iPhoneSimulator
		{5872403E-36F6-4990-8446-7ADBC70BC68B}.AppStore|iPhoneSimulator.Deploy.0 = AppStore|iPhoneSimulator
		{5872403E-36F6-4990-8446-7ADBC70BC68B}.Debug|Any CPU.ActiveCfg = Debug|iPhoneSimulator
		{5872403E-36F6-4990-8446-7ADBC70BC68B}.Debug|Any CPU.Build.0 = Debug|iPhoneSimulator
		{5872403E-36F6-4990-8446-7ADBC70BC68B}.Debug|Any CPU.Deploy.0 = Debug|iPhoneSimulator
		{5872403E-36F6-4990-8446-7ADBC70BC68B}.Debug|iPhone.ActiveCfg = Debug|iPhone
		{5872403E-36F6-4990-8446-7ADBC70BC68B}.Debug|iPhone.Build.0 = Debug|iPhone
		{5872403E-36F6-4990-8446-7ADBC70BC68B}.Debug|iPhone.Deploy.0 = Debug|iPhone
		{5872403E-36F6-4990-8446-7ADBC70BC68B}.Debug|iPhoneSimulator.ActiveCfg = Debug|iPhoneSimulator
		{5872403E-36F6-4990-8446-7ADBC70BC68B}.Debug|iPhoneSimulator.Build.0 = Debug|iPhoneSimulator
		{5872403E-36F6-4990-8446-7ADBC70BC68B}.Debug|iPhoneSimulator.Deploy.0 = Debug|iPhoneSimulator
		{5872403E-36F6-4990-8446-7ADBC70BC68B}.Release|Any CPU.ActiveCfg = Release|iPhone
		{5872403E-36F6-4990-8446-7ADBC70BC68B}.Release|Any CPU.Build.0 = Release|iPhone
		{5872403E-36F6-4990-8446-7ADBC70BC68B}.Release|Any CPU.Deploy.0 = Release|iPhone
		{5872403E-36F6-4990-8446-7ADBC70BC68B}.Release|iPhone.ActiveCfg = Release|iPhone
		{5872403E-36F6-4990-8446-7ADBC70BC68B}.Release|iPhone.Build.0 = Release|iPhone
		{5872403E-36F6-4990-8446-7ADBC70BC68B}.Release|iPhone.Deploy.0 = Release|iPhone
		{5872403E-36F6-4990-8446-7ADBC70BC68B}.Release|iPhoneSimulator.ActiveCfg = Release|iPhoneSimulator
		{5872403E-36F6-4990-8446-7ADBC70BC68B}.Release|iPhoneSimulator.Build.0 = Release|iPhoneSimulator
		{5872403E-36F6-4990-8446-7ADBC70BC68B}.Release|iPhoneSimulator.Deploy.0 = Release|iPhoneSimulator
		{3337B93B-CCE6-4DB5-85C4-C3BE998AF2AB}.Ad-Hoc|Any CPU.ActiveCfg = Debug|Any CPU
		{3337B93B-CCE6-4DB5-85C4-C3BE998AF2AB}.Ad-Hoc|Any CPU.Build.0 = Debug|Any CPU
		{3337B93B-CCE6-4DB5-85C4-C3BE998AF2AB}.Ad-Hoc|Any CPU.Deploy.0 = Debug|Any CPU
		{3337B93B-CCE6-4DB5-85C4-C3BE998AF2AB}.Ad-Hoc|iPhone.ActiveCfg = Debug|Any CPU
		{3337B93B-CCE6-4DB5-85C4-C3BE998AF2AB}.Ad-Hoc|iPhone.Build.0 = Debug|Any CPU
		{3337B93B-CCE6-4DB5-85C4-C3BE998AF2AB}.Ad-Hoc|iPhone.Deploy.0 = Debug|Any CPU
		{3337B93B-CCE6-4DB5-85C4-C3BE998AF2AB}.Ad-Hoc|iPhoneSimulator.ActiveCfg = Debug|Any CPU
		{3337B93B-CCE6-4DB5-85C4-C3BE998AF2AB}.Ad-Hoc|iPhoneSimulator.Build.0 = Debug|Any CPU
		{3337B93B-CCE6-4DB5-85C4-C3BE998AF2AB}.Ad-Hoc|iPhoneSimulator.Deploy.0 = Debug|Any CPU
		{3337B93B-CCE6-4DB5-85C4-C3BE998AF2AB}.AppStore|Any CPU.ActiveCfg = Debug|Any CPU
		{3337B93B-CCE6-4DB5-85C4-C3BE998AF2AB}.AppStore|Any CPU.Build.0 = Debug|Any CPU
		{3337B93B-CCE6-4DB5-85C4-C3BE998AF2AB}.AppStore|Any CPU.Deploy.0 = Debug|Any CPU
		{3337B93B-CCE6-4DB5-85C4-C3BE998AF2AB}.AppStore|iPhone.ActiveCfg = Debug|Any CPU
		{3337B93B-CCE6-4DB5-85C4-C3BE998AF2AB}.AppStore|iPhone.Build.0 = Debug|Any CPU
		{3337B93B-CCE6-4DB5-85C4-C3BE998AF2AB}.AppStore|iPhone.Deploy.0 = Debug|Any CPU
		{3337B93B-CCE6-4DB5-85C4-C3BE998AF2AB}.AppStore|iPhoneSimulator.ActiveCfg = Debug|Any CPU
		{3337B93B-CCE6-4DB5-85C4-C3BE998AF2AB}.AppStore|iPhoneSimulator.Build.0 = Debug|Any CPU
		{3337B93B-CCE6-4DB5-85C4-C3BE998AF2AB}.AppStore|iPhoneSimulator.Deploy.0 = Debug|Any CPU
		{3337B93B-CCE6-4DB5-85C4-C3BE998AF2AB}.Debug|Any CPU.ActiveCfg = Debug|Any CPU
		{3337B93B-CCE6-4DB5-85C4-C3BE998AF2AB}.Debug|Any CPU.Build.0 = Debug|Any CPU
		{3337B93B-CCE6-4DB5-85C4-C3BE998AF2AB}.Debug|Any CPU.Deploy.0 = Debug|Any CPU
		{3337B93B-CCE6-4DB5-85C4-C3BE998AF2AB}.Debug|iPhone.ActiveCfg = Debug|Any CPU
		{3337B93B-CCE6-4DB5-85C4-C3BE998AF2AB}.Debug|iPhone.Build.0 = Debug|Any CPU
		{3337B93B-CCE6-4DB5-85C4-C3BE998AF2AB}.Debug|iPhone.Deploy.0 = Debug|Any CPU
		{3337B93B-CCE6-4DB5-85C4-C3BE998AF2AB}.Debug|iPhoneSimulator.ActiveCfg = Debug|Any CPU
		{3337B93B-CCE6-4DB5-85C4-C3BE998AF2AB}.Debug|iPhoneSimulator.Build.0 = Debug|Any CPU
		{3337B93B-CCE6-4DB5-85C4-C3BE998AF2AB}.Debug|iPhoneSimulator.Deploy.0 = Debug|Any CPU
		{3337B93B-CCE6-4DB5-85C4-C3BE998AF2AB}.Release|Any CPU.ActiveCfg = Release|Any CPU
		{3337B93B-CCE6-4DB5-85C4-C3BE998AF2AB}.Release|Any CPU.Build.0 = Release|Any CPU
		{3337B93B-CCE6-4DB5-85C4-C3BE998AF2AB}.Release|Any CPU.Deploy.0 = Release|Any CPU
		{3337B93B-CCE6-4DB5-85C4-C3BE998AF2AB}.Release|iPhone.ActiveCfg = Release|Any CPU
		{3337B93B-CCE6-4DB5-85C4-C3BE998AF2AB}.Release|iPhone.Build.0 = Release|Any CPU
		{3337B93B-CCE6-4DB5-85C4-C3BE998AF2AB}.Release|iPhone.Deploy.0 = Release|Any CPU
		{3337B93B-CCE6-4DB5-85C4-C3BE998AF2AB}.Release|iPhoneSimulator.ActiveCfg = Release|Any CPU
		{3337B93B-CCE6-4DB5-85C4-C3BE998AF2AB}.Release|iPhoneSimulator.Build.0 = Release|Any CPU
		{3337B93B-CCE6-4DB5-85C4-C3BE998AF2AB}.Release|iPhoneSimulator.Deploy.0 = Release|Any CPU
	EndGlobalSection
	GlobalSection(SolutionProperties) = preSolution
		HideSolutionNode = FALSE
	EndGlobalSection
	GlobalSection(ExtensibilityGlobals) = postSolution
		SolutionGuid = {CB6BE87E-1DCE-472D-B544-80BA8BCE9532}
	EndGlobalSection
EndGlobal
