
Microsoft Visual Studio Solution File, Format Version 12.00
# Visual Studio 15
VisualStudioVersion = 15.0.27703.2018
MinimumVisualStudioVersion = 10.0.40219.1
Project("{FAE04EC0-301F-11D3-BF4B-00C04F79EFBC}") = "BottomBarDemoApp01.Android", "BottomBarDemoApp01\BottomBarDemoApp01.Android\BottomBarDemoApp01.Android.csproj", "{C9558892-9595-4E6C-90B7-5CB80DD83746}"
EndProject
Project("{FAE04EC0-301F-11D3-BF4B-00C04F79EFBC}") = "BottomBarDemoApp01.iOS", "BottomBarDemoApp01\BottomBarDemoApp01.iOS\BottomBarDemoApp01.iOS.csproj", "{87C088B0-A0F9-4F17-A749-82EB362ABB16}"
EndProject
Project("{FAE04EC0-301F-11D3-BF4B-00C04F79EFBC}") = "BottomBarDemoApp01", "BottomBarDemoApp01\BottomBarDemoApp01\BottomBarDemoApp01.csproj", "{D9C9DFCB-62AE-4855-87F7-1519FE2776F9}"
EndProject
Global
	GlobalSection(SolutionConfigurationPlatforms) = preSolution
		Ad-Hoc|Any CPU = Ad-Hoc|Any CPU
		Ad-Hoc|iPhone = Ad-Hoc|iPhone
		Ad-Hoc|iPhoneSimulator = Ad-Hoc|iPhoneSimulator
		AppStore|Any CPU = AppStore|Any CPU
		AppStore|iPhone = AppStore|iPhone
		AppStore|iPhoneSimulator = AppStore|iPhoneSimulator
		Debug|Any CPU = Debug|Any CPU
		Debug|iPhone = Debug|iPhone
		Debug|iPhoneSimulator = Debug|iPhoneSimulator
		Release|Any CPU = Release|Any CPU
		Release|iPhone = Release|iPhone
		Release|iPhoneSimulator = Release|iPhoneSimulator
	EndGlobalSection
	GlobalSection(ProjectConfigurationPlatforms) = postSolution
		{C9558892-9595-4E6C-90B7-5CB80DD83746}.Ad-Hoc|Any CPU.ActiveCfg = Release|Any CPU
		{C9558892-9595-4E6C-90B7-5CB80DD83746}.Ad-Hoc|Any CPU.Build.0 = Release|Any CPU
		{C9558892-9595-4E6C-90B7-5CB80DD83746}.Ad-Hoc|Any CPU.Deploy.0 = Release|Any CPU
		{C9558892-9595-4E6C-90B7-5CB80DD83746}.Ad-Hoc|iPhone.ActiveCfg = Release|Any CPU
		{C9558892-9595-4E6C-90B7-5CB80DD83746}.Ad-Hoc|iPhone.Build.0 = Release|Any CPU
		{C9558892-9595-4E6C-90B7-5CB80DD83746}.Ad-Hoc|iPhone.Deploy.0 = Release|Any CPU
		{C9558892-9595-4E6C-90B7-5CB80DD83746}.Ad-Hoc|iPhoneSimulator.ActiveCfg = Release|Any CPU
		{C9558892-9595-4E6C-90B7-5CB80DD83746}.Ad-Hoc|iPhoneSimulator.Build.0 = Release|Any CPU
		{C9558892-9595-4E6C-90B7-5CB80DD83746}.Ad-Hoc|iPhoneSimulator.Deploy.0 = Release|Any CPU
		{C9558892-9595-4E6C-90B7-5CB80DD83746}.AppStore|Any CPU.ActiveCfg = Release|Any CPU
		{C9558892-9595-4E6C-90B7-5CB80DD83746}.AppStore|Any CPU.Build.0 = Release|Any CPU
		{C9558892-9595-4E6C-90B7-5CB80DD83746}.AppStore|Any CPU.Deploy.0 = Release|Any CPU
		{C9558892-9595-4E6C-90B7-5CB80DD83746}.AppStore|iPhone.ActiveCfg = Release|Any CPU
		{C9558892-9595-4E6C-90B7-5CB80DD83746}.AppStore|iPhone.Build.0 = Release|Any CPU
		{C9558892-9595-4E6C-90B7-5CB80DD83746}.AppStore|iPhone.Deploy.0 = Release|Any CPU
		{C9558892-9595-4E6C-90B7-5CB80DD83746}.AppStore|iPhoneSimulator.ActiveCfg = Release|Any CPU
		{C9558892-9595-4E6C-90B7-5CB80DD83746}.AppStore|iPhoneSimulator.Build.0 = Release|Any CPU
		{C9558892-9595-4E6C-90B7-5CB80DD83746}.AppStore|iPhoneSimulator.Deploy.0 = Release|Any CPU
		{C9558892-9595-4E6C-90B7-5CB80DD83746}.Debug|Any CPU.ActiveCfg = Debug|Any CPU
		{C9558892-9595-4E6C-90B7-5CB80DD83746}.Debug|Any CPU.Build.0 = Debug|Any CPU
		{C9558892-9595-4E6C-90B7-5CB80DD83746}.Debug|Any CPU.Deploy.0 = Debug|Any CPU
		{C9558892-9595-4E6C-90B7-5CB80DD83746}.Debug|iPhone.ActiveCfg = Debug|Any CPU
		{C9558892-9595-4E6C-90B7-5CB80DD83746}.Debug|iPhone.Build.0 = Debug|Any CPU
		{C9558892-9595-4E6C-90B7-5CB80DD83746}.Debug|iPhone.Deploy.0 = Debug|Any CPU
		{C9558892-9595-4E6C-90B7-5CB80DD83746}.Debug|iPhoneSimulator.ActiveCfg = Debug|Any CPU
		{C9558892-9595-4E6C-90B7-5CB80DD83746}.Debug|iPhoneSimulator.Build.0 = Debug|Any CPU
		{C9558892-9595-4E6C-90B7-5CB80DD83746}.Debug|iPhoneSimulator.Deploy.0 = Debug|Any CPU
		{C9558892-9595-4E6C-90B7-5CB80DD83746}.Release|Any CPU.ActiveCfg = Release|Any CPU
		{C9558892-9595-4E6C-90B7-5CB80DD83746}.Release|Any CPU.Build.0 = Release|Any CPU
		{C9558892-9595-4E6C-90B7-5CB80DD83746}.Release|Any CPU.Deploy.0 = Release|Any CPU
		{C9558892-9595-4E6C-90B7-5CB80DD83746}.Release|iPhone.ActiveCfg = Release|Any CPU
		{C9558892-9595-4E6C-90B7-5CB80DD83746}.Release|iPhone.Build.0 = Release|Any CPU
		{C9558892-9595-4E6C-90B7-5CB80DD83746}.Release|iPhone.Deploy.0 = Release|Any CPU
		{C9558892-9595-4E6C-90B7-5CB80DD83746}.Release|iPhoneSimulator.ActiveCfg = Release|Any CPU
		{C9558892-9595-4E6C-90B7-5CB80DD83746}.Release|iPhoneSimulator.Build.0 = Release|Any CPU
		{C9558892-9595-4E6C-90B7-5CB80DD83746}.Release|iPhoneSimulator.Deploy.0 = Release|Any CPU
		{87C088B0-A0F9-4F17-A749-82EB362ABB16}.Ad-Hoc|Any CPU.ActiveCfg = Ad-Hoc|iPhone
		{87C088B0-A0F9-4F17-A749-82EB362ABB16}.Ad-Hoc|Any CPU.Build.0 = Ad-Hoc|iPhone
		{87C088B0-A0F9-4F17-A749-82EB362ABB16}.Ad-Hoc|Any CPU.Deploy.0 = Ad-Hoc|iPhone
		{87C088B0-A0F9-4F17-A749-82EB362ABB16}.Ad-Hoc|iPhone.ActiveCfg = Ad-Hoc|iPhone
		{87C088B0-A0F9-4F17-A749-82EB362ABB16}.Ad-Hoc|iPhone.Build.0 = Ad-Hoc|iPhone
		{87C088B0-A0F9-4F17-A749-82EB362ABB16}.Ad-Hoc|iPhone.Deploy.0 = Ad-Hoc|iPhone
		{87C088B0-A0F9-4F17-A749-82EB362ABB16}.Ad-Hoc|iPhoneSimulator.ActiveCfg = Ad-Hoc|iPhoneSimulator
		{87C088B0-A0F9-4F17-A749-82EB362ABB16}.Ad-Hoc|iPhoneSimulator.Build.0 = Ad-Hoc|iPhoneSimulator
		{87C088B0-A0F9-4F17-A749-82EB362ABB16}.Ad-Hoc|iPhoneSimulator.Deploy.0 = Ad-Hoc|iPhoneSimulator
		{87C088B0-A0F9-4F17-A749-82EB362ABB16}.AppStore|Any CPU.ActiveCfg = AppStore|iPhone
		{87C088B0-A0F9-4F17-A749-82EB362ABB16}.AppStore|Any CPU.Build.0 = AppStore|iPhone
		{87C088B0-A0F9-4F17-A749-82EB362ABB16}.AppStore|Any CPU.Deploy.0 = AppStore|iPhone
		{87C088B0-A0F9-4F17-A749-82EB362ABB16}.AppStore|iPhone.ActiveCfg = AppStore|iPhone
		{87C088B0-A0F9-4F17-A749-82EB362ABB16}.AppStore|iPhone.Build.0 = AppStore|iPhone
		{87C088B0-A0F9-4F17-A749-82EB362ABB16}.AppStore|iPhone.Deploy.0 = AppStore|iPhone
		{87C088B0-A0F9-4F17-A749-82EB362ABB16}.AppStore|iPhoneSimulator.ActiveCfg = AppStore|iPhoneSimulator
		{87C088B0-A0F9-4F17-A749-82EB362ABB16}.AppStore|iPhoneSimulator.Build.0 = AppStore|iPhoneSimulator
		{87C088B0-A0F9-4F17-A749-82EB362ABB16}.AppStore|iPhoneSimulator.Deploy.0 = AppStore|iPhoneSimulator
		{87C088B0-A0F9-4F17-A749-82EB362ABB16}.Debug|Any CPU.ActiveCfg = Debug|iPhoneSimulator
		{87C088B0-A0F9-4F17-A749-82EB362ABB16}.Debug|Any CPU.Build.0 = Debug|iPhoneSimulator
		{87C088B0-A0F9-4F17-A749-82EB362ABB16}.Debug|Any CPU.Deploy.0 = Debug|iPhoneSimulator
		{87C088B0-A0F9-4F17-A749-82EB362ABB16}.Debug|iPhone.ActiveCfg = Debug|iPhone
		{87C088B0-A0F9-4F17-A749-82EB362ABB16}.Debug|iPhone.Build.0 = Debug|iPhone
		{87C088B0-A0F9-4F17-A749-82EB362ABB16}.Debug|iPhone.Deploy.0 = Debug|iPhone
		{87C088B0-A0F9-4F17-A749-82EB362ABB16}.Debug|iPhoneSimulator.ActiveCfg = Debug|iPhoneSimulator
		{87C088B0-A0F9-4F17-A749-82EB362ABB16}.Debug|iPhoneSimulator.Build.0 = Debug|iPhoneSimulator
		{87C088B0-A0F9-4F17-A749-82EB362ABB16}.Debug|iPhoneSimulator.Deploy.0 = Debug|iPhoneSimulator
		{87C088B0-A0F9-4F17-A749-82EB362ABB16}.Release|Any CPU.ActiveCfg = Release|iPhone
		{87C088B0-A0F9-4F17-A749-82EB362ABB16}.Release|Any CPU.Build.0 = Release|iPhone
		{87C088B0-A0F9-4F17-A749-82EB362ABB16}.Release|Any CPU.Deploy.0 = Release|iPhone
		{87C088B0-A0F9-4F17-A749-82EB362ABB16}.Release|iPhone.ActiveCfg = Release|iPhone
		{87C088B0-A0F9-4F17-A749-82EB362ABB16}.Release|iPhone.Build.0 = Release|iPhone
		{87C088B0-A0F9-4F17-A749-82EB362ABB16}.Release|iPhone.Deploy.0 = Release|iPhone
		{87C088B0-A0F9-4F17-A749-82EB362ABB16}.Release|iPhoneSimulator.ActiveCfg = Release|iPhoneSimulator
		{87C088B0-A0F9-4F17-A749-82EB362ABB16}.Release|iPhoneSimulator.Build.0 = Release|iPhoneSimulator
		{87C088B0-A0F9-4F17-A749-82EB362ABB16}.Release|iPhoneSimulator.Deploy.0 = Release|iPhoneSimulator
		{D9C9DFCB-62AE-4855-87F7-1519FE2776F9}.Ad-Hoc|Any CPU.ActiveCfg = Debug|Any CPU
		{D9C9DFCB-62AE-4855-87F7-1519FE2776F9}.Ad-Hoc|Any CPU.Build.0 = Debug|Any CPU
		{D9C9DFCB-62AE-4855-87F7-1519FE2776F9}.Ad-Hoc|Any CPU.Deploy.0 = Debug|Any CPU
		{D9C9DFCB-62AE-4855-87F7-1519FE2776F9}.Ad-Hoc|iPhone.ActiveCfg = Debug|Any CPU
		{D9C9DFCB-62AE-4855-87F7-1519FE2776F9}.Ad-Hoc|iPhone.Build.0 = Debug|Any CPU
		{D9C9DFCB-62AE-4855-87F7-1519FE2776F9}.Ad-Hoc|iPhone.Deploy.0 = Debug|Any CPU
		{D9C9DFCB-62AE-4855-87F7-1519FE2776F9}.Ad-Hoc|iPhoneSimulator.ActiveCfg = Debug|Any CPU
		{D9C9DFCB-62AE-4855-87F7-1519FE2776F9}.Ad-Hoc|iPhoneSimulator.Build.0 = Debug|Any CPU
		{D9C9DFCB-62AE-4855-87F7-1519FE2776F9}.Ad-Hoc|iPhoneSimulator.Deploy.0 = Debug|Any CPU
		{D9C9DFCB-62AE-4855-87F7-1519FE2776F9}.AppStore|Any CPU.ActiveCfg = Debug|Any CPU
		{D9C9DFCB-62AE-4855-87F7-1519FE2776F9}.AppStore|Any CPU.Build.0 = Debug|Any CPU
		{D9C9DFCB-62AE-4855-87F7-1519FE2776F9}.AppStore|Any CPU.Deploy.0 = Debug|Any CPU
		{D9C9DFCB-62AE-4855-87F7-1519FE2776F9}.AppStore|iPhone.ActiveCfg = Debug|Any CPU
		{D9C9DFCB-62AE-4855-87F7-1519FE2776F9}.AppStore|iPhone.Build.0 = Debug|Any CPU
		{D9C9DFCB-62AE-4855-87F7-1519FE2776F9}.AppStore|iPhone.Deploy.0 = Debug|Any CPU
		{D9C9DFCB-62AE-4855-87F7-1519FE2776F9}.AppStore|iPhoneSimulator.ActiveCfg = Debug|Any CPU
		{D9C9DFCB-62AE-4855-87F7-1519FE2776F9}.AppStore|iPhoneSimulator.Build.0 = Debug|Any CPU
		{D9C9DFCB-62AE-4855-87F7-1519FE2776F9}.AppStore|iPhoneSimulator.Deploy.0 = Debug|Any CPU
		{D9C9DFCB-62AE-4855-87F7-1519FE2776F9}.Debug|Any CPU.ActiveCfg = Debug|Any CPU
		{D9C9DFCB-62AE-4855-87F7-1519FE2776F9}.Debug|Any CPU.Build.0 = Debug|Any CPU
		{D9C9DFCB-62AE-4855-87F7-1519FE2776F9}.Debug|Any CPU.Deploy.0 = Debug|Any CPU
		{D9C9DFCB-62AE-4855-87F7-1519FE2776F9}.Debug|iPhone.ActiveCfg = Debug|Any CPU
		{D9C9DFCB-62AE-4855-87F7-1519FE2776F9}.Debug|iPhone.Build.0 = Debug|Any CPU
		{D9C9DFCB-62AE-4855-87F7-1519FE2776F9}.Debug|iPhone.Deploy.0 = Debug|Any CPU
		{D9C9DFCB-62AE-4855-87F7-1519FE2776F9}.Debug|iPhoneSimulator.ActiveCfg = Debug|Any CPU
		{D9C9DFCB-62AE-4855-87F7-1519FE2776F9}.Debug|iPhoneSimulator.Build.0 = Debug|Any CPU
		{D9C9DFCB-62AE-4855-87F7-1519FE2776F9}.Debug|iPhoneSimulator.Deploy.0 = Debug|Any CPU
		{D9C9DFCB-62AE-4855-87F7-1519FE2776F9}.Release|Any CPU.ActiveCfg = Release|Any CPU
		{D9C9DFCB-62AE-4855-87F7-1519FE2776F9}.Release|Any CPU.Build.0 = Release|Any CPU
		{D9C9DFCB-62AE-4855-87F7-1519FE2776F9}.Release|Any CPU.Deploy.0 = Release|Any CPU
		{D9C9DFCB-62AE-4855-87F7-1519FE2776F9}.Release|iPhone.ActiveCfg = Release|Any CPU
		{D9C9DFCB-62AE-4855-87F7-1519FE2776F9}.Release|iPhone.Build.0 = Release|Any CPU
		{D9C9DFCB-62AE-4855-87F7-1519FE2776F9}.Release|iPhone.Deploy.0 = Release|Any CPU
		{D9C9DFCB-62AE-4855-87F7-1519FE2776F9}.Release|iPhoneSimulator.ActiveCfg = Release|Any CPU
		{D9C9DFCB-62AE-4855-87F7-1519FE2776F9}.Release|iPhoneSimulator.Build.0 = Release|Any CPU
		{D9C9DFCB-62AE-4855-87F7-1519FE2776F9}.Release|iPhoneSimulator.Deploy.0 = Release|Any CPU
	EndGlobalSection
	GlobalSection(SolutionProperties) = preSolution
		HideSolutionNode = FALSE
	EndGlobalSection
	GlobalSection(ExtensibilityGlobals) = postSolution
		SolutionGuid = {BB673277-20F8-4373-BDC7-270815BB0C57}
	EndGlobalSection
EndGlobal
