
Microsoft Visual Studio Solution File, Format Version 12.00
# Visual Studio 15
VisualStudioVersion = 15.0.27703.2018
MinimumVisualStudioVersion = 10.0.40219.1
Project("{FAE04EC0-301F-11D3-BF4B-00C04F79EFBC}") = "Templates.Android", "Templates\Templates.Android\Templates.Android.csproj", "{0E012E5F-347C-448B-ACC8-D31FC5121142}"
EndProject
Project("{FAE04EC0-301F-11D3-BF4B-00C04F79EFBC}") = "Templates.iOS", "Templates\Templates.iOS\Templates.iOS.csproj", "{356E48B5-9410-4A73-851B-100D6CFF1962}"
EndProject
Project("{FAE04EC0-301F-11D3-BF4B-00C04F79EFBC}") = "Templates", "Templates\Templates\Templates.csproj", "{BFEC68C1-03CB-4D05-A9F2-886F9EDFE0A6}"
EndProject
Global
	GlobalSection(SolutionConfigurationPlatforms) = preSolution
		Ad-Hoc|Any CPU = Ad-Hoc|Any CPU
		Ad-Hoc|iPhone = Ad-Hoc|iPhone
		Ad-Hoc|iPhoneSimulator = Ad-Hoc|iPhoneSimulator
		AppStore|Any CPU = AppStore|Any CPU
		AppStore|iPhone = AppStore|iPhone
		AppStore|iPhoneSimulator = AppStore|iPhoneSimulator
		Debug|Any CPU = Debug|Any CPU
		Debug|iPhone = Debug|iPhone
		Debug|iPhoneSimulator = Debug|iPhoneSimulator
		Release|Any CPU = Release|Any CPU
		Release|iPhone = Release|iPhone
		Release|iPhoneSimulator = Release|iPhoneSimulator
	EndGlobalSection
	GlobalSection(ProjectConfigurationPlatforms) = postSolution
		{0E012E5F-347C-448B-ACC8-D31FC5121142}.Ad-Hoc|Any CPU.ActiveCfg = Release|Any CPU
		{0E012E5F-347C-448B-ACC8-D31FC5121142}.Ad-Hoc|Any CPU.Build.0 = Release|Any CPU
		{0E012E5F-347C-448B-ACC8-D31FC5121142}.Ad-Hoc|Any CPU.Deploy.0 = Release|Any CPU
		{0E012E5F-347C-448B-ACC8-D31FC5121142}.Ad-Hoc|iPhone.ActiveCfg = Release|Any CPU
		{0E012E5F-347C-448B-ACC8-D31FC5121142}.Ad-Hoc|iPhone.Build.0 = Release|Any CPU
		{0E012E5F-347C-448B-ACC8-D31FC5121142}.Ad-Hoc|iPhone.Deploy.0 = Release|Any CPU
		{0E012E5F-347C-448B-ACC8-D31FC5121142}.Ad-Hoc|iPhoneSimulator.ActiveCfg = Release|Any CPU
		{0E012E5F-347C-448B-ACC8-D31FC5121142}.Ad-Hoc|iPhoneSimulator.Build.0 = Release|Any CPU
		{0E012E5F-347C-448B-ACC8-D31FC5121142}.Ad-Hoc|iPhoneSimulator.Deploy.0 = Release|Any CPU
		{0E012E5F-347C-448B-ACC8-D31FC5121142}.AppStore|Any CPU.ActiveCfg = Release|Any CPU
		{0E012E5F-347C-448B-ACC8-D31FC5121142}.AppStore|Any CPU.Build.0 = Release|Any CPU
		{0E012E5F-347C-448B-ACC8-D31FC5121142}.AppStore|Any CPU.Deploy.0 = Release|Any CPU
		{0E012E5F-347C-448B-ACC8-D31FC5121142}.AppStore|iPhone.ActiveCfg = Release|Any CPU
		{0E012E5F-347C-448B-ACC8-D31FC5121142}.AppStore|iPhone.Build.0 = Release|Any CPU
		{0E012E5F-347C-448B-ACC8-D31FC5121142}.AppStore|iPhone.Deploy.0 = Release|Any CPU
		{0E012E5F-347C-448B-ACC8-D31FC5121142}.AppStore|iPhoneSimulator.ActiveCfg = Release|Any CPU
		{0E012E5F-347C-448B-ACC8-D31FC5121142}.AppStore|iPhoneSimulator.Build.0 = Release|Any CPU
		{0E012E5F-347C-448B-ACC8-D31FC5121142}.AppStore|iPhoneSimulator.Deploy.0 = Release|Any CPU
		{0E012E5F-347C-448B-ACC8-D31FC5121142}.Debug|Any CPU.ActiveCfg = Debug|Any CPU
		{0E012E5F-347C-448B-ACC8-D31FC5121142}.Debug|Any CPU.Build.0 = Debug|Any CPU
		{0E012E5F-347C-448B-ACC8-D31FC5121142}.Debug|Any CPU.Deploy.0 = Debug|Any CPU
		{0E012E5F-347C-448B-ACC8-D31FC5121142}.Debug|iPhone.ActiveCfg = Debug|Any CPU
		{0E012E5F-347C-448B-ACC8-D31FC5121142}.Debug|iPhone.Build.0 = Debug|Any CPU
		{0E012E5F-347C-448B-ACC8-D31FC5121142}.Debug|iPhone.Deploy.0 = Debug|Any CPU
		{0E012E5F-347C-448B-ACC8-D31FC5121142}.Debug|iPhoneSimulator.ActiveCfg = Debug|Any CPU
		{0E012E5F-347C-448B-ACC8-D31FC5121142}.Debug|iPhoneSimulator.Build.0 = Debug|Any CPU
		{0E012E5F-347C-448B-ACC8-D31FC5121142}.Debug|iPhoneSimulator.Deploy.0 = Debug|Any CPU
		{0E012E5F-347C-448B-ACC8-D31FC5121142}.Release|Any CPU.ActiveCfg = Release|Any CPU
		{0E012E5F-347C-448B-ACC8-D31FC5121142}.Release|Any CPU.Build.0 = Release|Any CPU
		{0E012E5F-347C-448B-ACC8-D31FC5121142}.Release|Any CPU.Deploy.0 = Release|Any CPU
		{0E012E5F-347C-448B-ACC8-D31FC5121142}.Release|iPhone.ActiveCfg = Release|Any CPU
		{0E012E5F-347C-448B-ACC8-D31FC5121142}.Release|iPhone.Build.0 = Release|Any CPU
		{0E012E5F-347C-448B-ACC8-D31FC5121142}.Release|iPhone.Deploy.0 = Release|Any CPU
		{0E012E5F-347C-448B-ACC8-D31FC5121142}.Release|iPhoneSimulator.ActiveCfg = Release|Any CPU
		{0E012E5F-347C-448B-ACC8-D31FC5121142}.Release|iPhoneSimulator.Build.0 = Release|Any CPU
		{0E012E5F-347C-448B-ACC8-D31FC5121142}.Release|iPhoneSimulator.Deploy.0 = Release|Any CPU
		{356E48B5-9410-4A73-851B-100D6CFF1962}.Ad-Hoc|Any CPU.ActiveCfg = Ad-Hoc|iPhone
		{356E48B5-9410-4A73-851B-100D6CFF1962}.Ad-Hoc|Any CPU.Build.0 = Ad-Hoc|iPhone
		{356E48B5-9410-4A73-851B-100D6CFF1962}.Ad-Hoc|Any CPU.Deploy.0 = Ad-Hoc|iPhone
		{356E48B5-9410-4A73-851B-100D6CFF1962}.Ad-Hoc|iPhone.ActiveCfg = Ad-Hoc|iPhone
		{356E48B5-9410-4A73-851B-100D6CFF1962}.Ad-Hoc|iPhone.Build.0 = Ad-Hoc|iPhone
		{356E48B5-9410-4A73-851B-100D6CFF1962}.Ad-Hoc|iPhone.Deploy.0 = Ad-Hoc|iPhone
		{356E48B5-9410-4A73-851B-100D6CFF1962}.Ad-Hoc|iPhoneSimulator.ActiveCfg = Ad-Hoc|iPhoneSimulator
		{356E48B5-9410-4A73-851B-100D6CFF1962}.Ad-Hoc|iPhoneSimulator.Build.0 = Ad-Hoc|iPhoneSimulator
		{356E48B5-9410-4A73-851B-100D6CFF1962}.Ad-Hoc|iPhoneSimulator.Deploy.0 = Ad-Hoc|iPhoneSimulator
		{356E48B5-9410-4A73-851B-100D6CFF1962}.AppStore|Any CPU.ActiveCfg = AppStore|iPhone
		{356E48B5-9410-4A73-851B-100D6CFF1962}.AppStore|Any CPU.Build.0 = AppStore|iPhone
		{356E48B5-9410-4A73-851B-100D6CFF1962}.AppStore|Any CPU.Deploy.0 = AppStore|iPhone
		{356E48B5-9410-4A73-851B-100D6CFF1962}.AppStore|iPhone.ActiveCfg = AppStore|iPhone
		{356E48B5-9410-4A73-851B-100D6CFF1962}.AppStore|iPhone.Build.0 = AppStore|iPhone
		{356E48B5-9410-4A73-851B-100D6CFF1962}.AppStore|iPhone.Deploy.0 = AppStore|iPhone
		{356E48B5-9410-4A73-851B-100D6CFF1962}.AppStore|iPhoneSimulator.ActiveCfg = AppStore|iPhoneSimulator
		{356E48B5-9410-4A73-851B-100D6CFF1962}.AppStore|iPhoneSimulator.Build.0 = AppStore|iPhoneSimulator
		{356E48B5-9410-4A73-851B-100D6CFF1962}.AppStore|iPhoneSimulator.Deploy.0 = AppStore|iPhoneSimulator
		{356E48B5-9410-4A73-851B-100D6CFF1962}.Debug|Any CPU.ActiveCfg = Debug|iPhoneSimulator
		{356E48B5-9410-4A73-851B-100D6CFF1962}.Debug|Any CPU.Build.0 = Debug|iPhoneSimulator
		{356E48B5-9410-4A73-851B-100D6CFF1962}.Debug|Any CPU.Deploy.0 = Debug|iPhoneSimulator
		{356E48B5-9410-4A73-851B-100D6CFF1962}.Debug|iPhone.ActiveCfg = Debug|iPhone
		{356E48B5-9410-4A73-851B-100D6CFF1962}.Debug|iPhone.Build.0 = Debug|iPhone
		{356E48B5-9410-4A73-851B-100D6CFF1962}.Debug|iPhone.Deploy.0 = Debug|iPhone
		{356E48B5-9410-4A73-851B-100D6CFF1962}.Debug|iPhoneSimulator.ActiveCfg = Debug|iPhoneSimulator
		{356E48B5-9410-4A73-851B-100D6CFF1962}.Debug|iPhoneSimulator.Build.0 = Debug|iPhoneSimulator
		{356E48B5-9410-4A73-851B-100D6CFF1962}.Debug|iPhoneSimulator.Deploy.0 = Debug|iPhoneSimulator
		{356E48B5-9410-4A73-851B-100D6CFF1962}.Release|Any CPU.ActiveCfg = Release|iPhone
		{356E48B5-9410-4A73-851B-100D6CFF1962}.Release|Any CPU.Build.0 = Release|iPhone
		{356E48B5-9410-4A73-851B-100D6CFF1962}.Release|Any CPU.Deploy.0 = Release|iPhone
		{356E48B5-9410-4A73-851B-100D6CFF1962}.Release|iPhone.ActiveCfg = Release|iPhone
		{356E48B5-9410-4A73-851B-100D6CFF1962}.Release|iPhone.Build.0 = Release|iPhone
		{356E48B5-9410-4A73-851B-100D6CFF1962}.Release|iPhone.Deploy.0 = Release|iPhone
		{356E48B5-9410-4A73-851B-100D6CFF1962}.Release|iPhoneSimulator.ActiveCfg = Release|iPhoneSimulator
		{356E48B5-9410-4A73-851B-100D6CFF1962}.Release|iPhoneSimulator.Build.0 = Release|iPhoneSimulator
		{356E48B5-9410-4A73-851B-100D6CFF1962}.Release|iPhoneSimulator.Deploy.0 = Release|iPhoneSimulator
		{BFEC68C1-03CB-4D05-A9F2-886F9EDFE0A6}.Ad-Hoc|Any CPU.ActiveCfg = Debug|Any CPU
		{BFEC68C1-03CB-4D05-A9F2-886F9EDFE0A6}.Ad-Hoc|Any CPU.Build.0 = Debug|Any CPU
		{BFEC68C1-03CB-4D05-A9F2-886F9EDFE0A6}.Ad-Hoc|Any CPU.Deploy.0 = Debug|Any CPU
		{BFEC68C1-03CB-4D05-A9F2-886F9EDFE0A6}.Ad-Hoc|iPhone.ActiveCfg = Debug|Any CPU
		{BFEC68C1-03CB-4D05-A9F2-886F9EDFE0A6}.Ad-Hoc|iPhone.Build.0 = Debug|Any CPU
		{BFEC68C1-03CB-4D05-A9F2-886F9EDFE0A6}.Ad-Hoc|iPhone.Deploy.0 = Debug|Any CPU
		{BFEC68C1-03CB-4D05-A9F2-886F9EDFE0A6}.Ad-Hoc|iPhoneSimulator.ActiveCfg = Debug|Any CPU
		{BFEC68C1-03CB-4D05-A9F2-886F9EDFE0A6}.Ad-Hoc|iPhoneSimulator.Build.0 = Debug|Any CPU
		{BFEC68C1-03CB-4D05-A9F2-886F9EDFE0A6}.Ad-Hoc|iPhoneSimulator.Deploy.0 = Debug|Any CPU
		{BFEC68C1-03CB-4D05-A9F2-886F9EDFE0A6}.AppStore|Any CPU.ActiveCfg = Debug|Any CPU
		{BFEC68C1-03CB-4D05-A9F2-886F9EDFE0A6}.AppStore|Any CPU.Build.0 = Debug|Any CPU
		{BFEC68C1-03CB-4D05-A9F2-886F9EDFE0A6}.AppStore|Any CPU.Deploy.0 = Debug|Any CPU
		{BFEC68C1-03CB-4D05-A9F2-886F9EDFE0A6}.AppStore|iPhone.ActiveCfg = Debug|Any CPU
		{BFEC68C1-03CB-4D05-A9F2-886F9EDFE0A6}.AppStore|iPhone.Build.0 = Debug|Any CPU
		{BFEC68C1-03CB-4D05-A9F2-886F9EDFE0A6}.AppStore|iPhone.Deploy.0 = Debug|Any CPU
		{BFEC68C1-03CB-4D05-A9F2-886F9EDFE0A6}.AppStore|iPhoneSimulator.ActiveCfg = Debug|Any CPU
		{BFEC68C1-03CB-4D05-A9F2-886F9EDFE0A6}.AppStore|iPhoneSimulator.Build.0 = Debug|Any CPU
		{BFEC68C1-03CB-4D05-A9F2-886F9EDFE0A6}.AppStore|iPhoneSimulator.Deploy.0 = Debug|Any CPU
		{BFEC68C1-03CB-4D05-A9F2-886F9EDFE0A6}.Debug|Any CPU.ActiveCfg = Debug|Any CPU
		{BFEC68C1-03CB-4D05-A9F2-886F9EDFE0A6}.Debug|Any CPU.Build.0 = Debug|Any CPU
		{BFEC68C1-03CB-4D05-A9F2-886F9EDFE0A6}.Debug|Any CPU.Deploy.0 = Debug|Any CPU
		{BFEC68C1-03CB-4D05-A9F2-886F9EDFE0A6}.Debug|iPhone.ActiveCfg = Debug|Any CPU
		{BFEC68C1-03CB-4D05-A9F2-886F9EDFE0A6}.Debug|iPhone.Build.0 = Debug|Any CPU
		{BFEC68C1-03CB-4D05-A9F2-886F9EDFE0A6}.Debug|iPhone.Deploy.0 = Debug|Any CPU
		{BFEC68C1-03CB-4D05-A9F2-886F9EDFE0A6}.Debug|iPhoneSimulator.ActiveCfg = Debug|Any CPU
		{BFEC68C1-03CB-4D05-A9F2-886F9EDFE0A6}.Debug|iPhoneSimulator.Build.0 = Debug|Any CPU
		{BFEC68C1-03CB-4D05-A9F2-886F9EDFE0A6}.Debug|iPhoneSimulator.Deploy.0 = Debug|Any CPU
		{BFEC68C1-03CB-4D05-A9F2-886F9EDFE0A6}.Release|Any CPU.ActiveCfg = Release|Any CPU
		{BFEC68C1-03CB-4D05-A9F2-886F9EDFE0A6}.Release|Any CPU.Build.0 = Release|Any CPU
		{BFEC68C1-03CB-4D05-A9F2-886F9EDFE0A6}.Release|Any CPU.Deploy.0 = Release|Any CPU
		{BFEC68C1-03CB-4D05-A9F2-886F9EDFE0A6}.Release|iPhone.ActiveCfg = Release|Any CPU
		{BFEC68C1-03CB-4D05-A9F2-886F9EDFE0A6}.Release|iPhone.Build.0 = Release|Any CPU
		{BFEC68C1-03CB-4D05-A9F2-886F9EDFE0A6}.Release|iPhone.Deploy.0 = Release|Any CPU
		{BFEC68C1-03CB-4D05-A9F2-886F9EDFE0A6}.Release|iPhoneSimulator.ActiveCfg = Release|Any CPU
		{BFEC68C1-03CB-4D05-A9F2-886F9EDFE0A6}.Release|iPhoneSimulator.Build.0 = Release|Any CPU
		{BFEC68C1-03CB-4D05-A9F2-886F9EDFE0A6}.Release|iPhoneSimulator.Deploy.0 = Release|Any CPU
	EndGlobalSection
	GlobalSection(SolutionProperties) = preSolution
		HideSolutionNode = FALSE
	EndGlobalSection
	GlobalSection(ExtensibilityGlobals) = postSolution
		SolutionGuid = {DCD7EA22-3566-4E13-9480-6797D104A2D5}
	EndGlobalSection
EndGlobal
